
Microsoft Visual Studio Solution File, Format Version 12.00
# Visual Studio 14
VisualStudioVersion = 14.0.23107.0
MinimumVisualStudioVersion = 10.0.40219.1
Project("{FAE04EC0-301F-11D3-BF4B-00C04F79EFBC}") = "Sample1", "Sample1\Sample1.csproj", "{6AA0A015-AD4D-43EE-8014-12FF2A85D00D}"
EndProject
Project("{FAE04EC0-301F-11D3-BF4B-00C04F79EFBC}") = "DTS_BoundaryClasses", "DTS_BoundaryClasses\DTS_BoundaryClasses.csproj", "{C17C175E-E31F-46F6-B887-EE17DE1D7896}"
EndProject
Global
	GlobalSection(SolutionConfigurationPlatforms) = preSolution
		Debug|Any CPU = Debug|Any CPU
		Release|Any CPU = Release|Any CPU
	EndGlobalSection
	GlobalSection(ProjectConfigurationPlatforms) = postSolution
		{6AA0A015-AD4D-43EE-8014-12FF2A85D00D}.Debug|Any CPU.ActiveCfg = Debug|Any CPU
		{6AA0A015-AD4D-43EE-8014-12FF2A85D00D}.Debug|Any CPU.Build.0 = Debug|Any CPU
		{6AA0A015-AD4D-43EE-8014-12FF2A85D00D}.Release|Any CPU.ActiveCfg = Release|Any CPU
		{6AA0A015-AD4D-43EE-8014-12FF2A85D00D}.Release|Any CPU.Build.0 = Release|Any CPU
		{C17C175E-E31F-46F6-B887-EE17DE1D7896}.Debug|Any CPU.ActiveCfg = Debug|Any CPU
		{C17C175E-E31F-46F6-B887-EE17DE1D7896}.Debug|Any CPU.Build.0 = Debug|Any CPU
		{C17C175E-E31F-46F6-B887-EE17DE1D7896}.Release|Any CPU.ActiveCfg = Release|Any CPU
		{C17C175E-E31F-46F6-B887-EE17DE1D7896}.Release|Any CPU.Build.0 = Release|Any CPU
	EndGlobalSection
	GlobalSection(SolutionProperties) = preSolution
		HideSolutionNode = FALSE
	EndGlobalSection
EndGlobal
