
Microsoft Visual Studio Solution File, Format Version 12.00
# Visual Studio 14
VisualStudioVersion = 14.0.23107.0
MinimumVisualStudioVersion = 10.0.40219.1
Project("{FAE04EC0-301F-11D3-BF4B-00C04F79EFBC}") = "Ksu.Cis300.TravelingSalesperson", "Ksu.Cis300.TravelingSalesperson\Ksu.Cis300.TravelingSalesperson.csproj", "{E6CBEF6F-E787-47C3-A3BD-068F71463FC6}"
EndProject
Project("{2150E333-8FDC-42A3-9474-1A3956D46DE8}") = "Solution Items", "Solution Items", "{7156C0EE-9E3A-472A-A5AC-A05A9BCA577B}"
	ProjectSection(SolutionItems) = preProject
		Ksu.Cis300.TravelingSalesperson\LinkedListCell.cs = Ksu.Cis300.TravelingSalesperson\LinkedListCell.cs
	EndProjectSection
EndProject
Global
	GlobalSection(SolutionConfigurationPlatforms) = preSolution
		Debug|Any CPU = Debug|Any CPU
		Release|Any CPU = Release|Any CPU
	EndGlobalSection
	GlobalSection(ProjectConfigurationPlatforms) = postSolution
		{E6CBEF6F-E787-47C3-A3BD-068F71463FC6}.Debug|Any CPU.ActiveCfg = Debug|Any CPU
		{E6CBEF6F-E787-47C3-A3BD-068F71463FC6}.Debug|Any CPU.Build.0 = Debug|Any CPU
		{E6CBEF6F-E787-47C3-A3BD-068F71463FC6}.Release|Any CPU.ActiveCfg = Release|Any CPU
		{E6CBEF6F-E787-47C3-A3BD-068F71463FC6}.Release|Any CPU.Build.0 = Release|Any CPU
	EndGlobalSection
	GlobalSection(SolutionProperties) = preSolution
		HideSolutionNode = FALSE
	EndGlobalSection
	GlobalSection(TeamFoundationVersionControl) = preSolution
		SccNumberOfProjects = 2
		SccEnterpriseProvider = {4CA58AB2-18FA-4F8D-95D4-32DDF27D184C}
		SccTeamFoundationServer = https://vladi7.visualstudio.com/defaultcollection
		SccProjectUniqueName0 = Ksu.Cis300.TravelingSalesperson\\Ksu.Cis300.TravelingSalesperson.csproj
		SccProjectName0 = Ksu.Cis300.TravelingSalesperson
		SccLocalPath0 = Ksu.Cis300.TravelingSalesperson
		SccLocalPath1 = .
	EndGlobalSection
EndGlobal
