
Microsoft Visual Studio Solution File, Format Version 12.00
# Visual Studio 14
VisualStudioVersion = 14.0.23107.0
MinimumVisualStudioVersion = 10.0.40219.1
Project("{FAE04EC0-301F-11D3-BF4B-00C04F79EFBC}") = "Ksu.Cis300.Traveling", "Ksu.Cis300.Traveling\Ksu.Cis300.Traveling.csproj", "{199CC420-1833-41A2-AF5D-931423B9C215}"
EndProject
Global
	GlobalSection(SolutionConfigurationPlatforms) = preSolution
		Debug|Any CPU = Debug|Any CPU
		Release|Any CPU = Release|Any CPU
	EndGlobalSection
	GlobalSection(ProjectConfigurationPlatforms) = postSolution
		{199CC420-1833-41A2-AF5D-931423B9C215}.Debug|Any CPU.ActiveCfg = Debug|Any CPU
		{199CC420-1833-41A2-AF5D-931423B9C215}.Debug|Any CPU.Build.0 = Debug|Any CPU
		{199CC420-1833-41A2-AF5D-931423B9C215}.Debug|Any CPU.Deploy.0 = Debug|Any CPU
		{199CC420-1833-41A2-AF5D-931423B9C215}.Release|Any CPU.ActiveCfg = Release|Any CPU
		{199CC420-1833-41A2-AF5D-931423B9C215}.Release|Any CPU.Build.0 = Release|Any CPU
	EndGlobalSection
	GlobalSection(SolutionProperties) = preSolution
		HideSolutionNode = FALSE
	EndGlobalSection
	GlobalSection(TeamFoundationVersionControl) = preSolution
		SccNumberOfProjects = 2
		SccEnterpriseProvider = {4CA58AB2-18FA-4F8D-95D4-32DDF27D184C}
		SccTeamFoundationServer = https://vladi7.visualstudio.com/defaultcollection
		SccLocalPath0 = .
		SccProjectUniqueName1 = Ksu.Cis300.Traveling\\Ksu.Cis300.Traveling.csproj
		SccProjectName1 = Ksu.Cis300.Traveling
		SccLocalPath1 = Ksu.Cis300.Traveling
	EndGlobalSection
EndGlobal
